
Microsoft Visual Studio Solution File, Format Version 12.00
# Visual Studio Version 16
VisualStudioVersion = 16.0.30907.101
MinimumVisualStudioVersion = 10.0.40219.1
Project("{FAE04EC0-301F-11D3-BF4B-00C04F79EFBC}") = "JejemonTypingScript", "JejemonTypingScript\JejemonTypingScript.csproj", "{6EFA7EA3-373E-4FCB-9C3E-36DFE8FC5BF4}"
EndProject
Global
	GlobalSection(SolutionConfigurationPlatforms) = preSolution
		Debug|Any CPU = Debug|Any CPU
		Release|Any CPU = Release|Any CPU
	EndGlobalSection
	GlobalSection(ProjectConfigurationPlatforms) = postSolution
		{6EFA7EA3-373E-4FCB-9C3E-36DFE8FC5BF4}.Debug|Any CPU.ActiveCfg = Debug|Any CPU
		{6EFA7EA3-373E-4FCB-9C3E-36DFE8FC5BF4}.Debug|Any CPU.Build.0 = Debug|Any CPU
		{6EFA7EA3-373E-4FCB-9C3E-36DFE8FC5BF4}.Release|Any CPU.ActiveCfg = Release|Any CPU
		{6EFA7EA3-373E-4FCB-9C3E-36DFE8FC5BF4}.Release|Any CPU.Build.0 = Release|Any CPU
	EndGlobalSection
	GlobalSection(SolutionProperties) = preSolution
		HideSolutionNode = FALSE
	EndGlobalSection
	GlobalSection(ExtensibilityGlobals) = postSolution
		SolutionGuid = {818560C0-EFEA-44DD-8D45-8B32BB1527E7}
	EndGlobalSection
EndGlobal
